// !$*UTF8*$!
{
	archiveVersion = 1;
	classes = {
	};
	objectVersion = 46;
	objects = {

/* Begin PBXBuildFile section */
		5C4B013819891ABD00CDA865 /* Foundation.framework in Frameworks */ = {isa = PBXBuildFile; fileRef = 5C4B013719891ABD00CDA865 /* Foundation.framework */; };
		5C4B013A19891ABD00CDA865 /* CoreGraphics.framework in Frameworks */ = {isa = PBXBuildFile; fileRef = 5C4B013919891ABD00CDA865 /* CoreGraphics.framework */; };
		5C4B013C19891ABD00CDA865 /* UIKit.framework in Frameworks */ = {isa = PBXBuildFile; fileRef = 5C4B013B19891ABD00CDA865 /* UIKit.framework */; };
		5C4B014219891ABD00CDA865 /* InfoPlist.strings in Resources */ = {isa = PBXBuildFile; fileRef = 5C4B014019891ABD00CDA865 /* InfoPlist.strings */; };
		5C4B014419891ABD00CDA865 /* main.m in Sources */ = {isa = PBXBuildFile; fileRef = 5C4B014319891ABD00CDA865 /* main.m */; };
		5C4B014819891ABD00CDA865 /* NCTAppDelegate.m in Sources */ = {isa = PBXBuildFile; fileRef = 5C4B014719891ABD00CDA865 /* NCTAppDelegate.m */; };
		5C4B014A19891ABD00CDA865 /* Images.xcassets in Resources */ = {isa = PBXBuildFile; fileRef = 5C4B014919891ABD00CDA865 /* Images.xcassets */; };
		5C4B015119891ABD00CDA865 /* XCTest.framework in Frameworks */ = {isa = PBXBuildFile; fileRef = 5C4B015019891ABD00CDA865 /* XCTest.framework */; };
		5C4B015219891ABD00CDA865 /* Foundation.framework in Frameworks */ = {isa = PBXBuildFile; fileRef = 5C4B013719891ABD00CDA865 /* Foundation.framework */; };
		5C4B015319891ABD00CDA865 /* UIKit.framework in Frameworks */ = {isa = PBXBuildFile; fileRef = 5C4B013B19891ABD00CDA865 /* UIKit.framework */; };
		5C4B015B19891ABD00CDA865 /* InfoPlist.strings in Resources */ = {isa = PBXBuildFile; fileRef = 5C4B015919891ABD00CDA865 /* InfoPlist.strings */; };
		5C4B015D19891ABD00CDA865 /* NSCodingTestTests.m in Sources */ = {isa = PBXBuildFile; fileRef = 5C4B015C19891ABD00CDA865 /* NSCodingTestTests.m */; };
		5C4B016819891ADF00CDA865 /* NCTViewController.m in Sources */ = {isa = PBXBuildFile; fileRef = 5C4B016719891ADF00CDA865 /* NCTViewController.m */; };
		5CB5327419891E63000F3D07 /* NCTSample.m in Sources */ = {isa = PBXBuildFile; fileRef = 5CB5327319891E63000F3D07 /* NCTSample.m */; };
/* End PBXBuildFile section */

/* Begin PBXContainerItemProxy section */
		5C4B015419891ABD00CDA865 /* PBXContainerItemProxy */ = {
			isa = PBXContainerItemProxy;
			containerPortal = 5C4B012C19891ABD00CDA865 /* Project object */;
			proxyType = 1;
			remoteGlobalIDString = 5C4B013319891ABD00CDA865;
			remoteInfo = NSCodingTest;
		};
/* End PBXContainerItemProxy section */

/* Begin PBXFileReference section */
		5C4B013419891ABD00CDA865 /* NSCodingTest.app */ = {isa = PBXFileReference; explicitFileType = wrapper.application; includeInIndex = 0; path = NSCodingTest.app; sourceTree = BUILT_PRODUCTS_DIR; };
		5C4B013719891ABD00CDA865 /* Foundation.framework */ = {isa = PBXFileReference; lastKnownFileType = wrapper.framework; name = Foundation.framework; path = System/Library/Frameworks/Foundation.framework; sourceTree = SDKROOT; };
		5C4B013919891ABD00CDA865 /* CoreGraphics.framework */ = {isa = PBXFileReference; lastKnownFileType = wrapper.framework; name = CoreGraphics.framework; path = System/Library/Frameworks/CoreGraphics.framework; sourceTree = SDKROOT; };
		5C4B013B19891ABD00CDA865 /* UIKit.framework */ = {isa = PBXFileReference; lastKnownFileType = wrapper.framework; name = UIKit.framework; path = System/Library/Frameworks/UIKit.framework; sourceTree = SDKROOT; };
		5C4B013F19891ABD00CDA865 /* NSCodingTest-Info.plist */ = {isa = PBXFileReference; lastKnownFileType = text.plist.xml; path = "NSCodingTest-Info.plist"; sourceTree = "<group>"; };
		5C4B014119891ABD00CDA865 /* en */ = {isa = PBXFileReference; lastKnownFileType = text.plist.strings; name = en; path = en.lproj/InfoPlist.strings; sourceTree = "<group>"; };
		5C4B014319891ABD00CDA865 /* main.m */ = {isa = PBXFileReference; lastKnownFileType = sourcecode.c.objc; path = main.m; sourceTree = "<group>"; };
		5C4B014519891ABD00CDA865 /* NSCodingTest-Prefix.pch */ = {isa = PBXFileReference; lastKnownFileType = sourcecode.c.h; path = "NSCodingTest-Prefix.pch"; sourceTree = "<group>"; };
		5C4B014619891ABD00CDA865 /* NCTAppDelegate.h */ = {isa = PBXFileReference; lastKnownFileType = sourcecode.c.h; path = NCTAppDelegate.h; sourceTree = "<group>"; };
		5C4B014719891ABD00CDA865 /* NCTAppDelegate.m */ = {isa = PBXFileReference; lastKnownFileType = sourcecode.c.objc; path = NCTAppDelegate.m; sourceTree = "<group>"; };
		5C4B014919891ABD00CDA865 /* Images.xcassets */ = {isa = PBXFileReference; lastKnownFileType = folder.assetcatalog; path = Images.xcassets; sourceTree = "<group>"; };
		5C4B014F19891ABD00CDA865 /* NSCodingTestTests.xctest */ = {isa = PBXFileReference; explicitFileType = wrapper.cfbundle; includeInIndex = 0; path = NSCodingTestTests.xctest; sourceTree = BUILT_PRODUCTS_DIR; };
		5C4B015019891ABD00CDA865 /* XCTest.framework */ = {isa = PBXFileReference; lastKnownFileType = wrapper.framework; name = XCTest.framework; path = Library/Frameworks/XCTest.framework; sourceTree = DEVELOPER_DIR; };
		5C4B015819891ABD00CDA865 /* NSCodingTestTests-Info.plist */ = {isa = PBXFileReference; lastKnownFileType = text.plist.xml; path = "NSCodingTestTests-Info.plist"; sourceTree = "<group>"; };
		5C4B015A19891ABD00CDA865 /* en */ = {isa = PBXFileReference; lastKnownFileType = text.plist.strings; name = en; path = en.lproj/InfoPlist.strings; sourceTree = "<group>"; };
		5C4B015C19891ABD00CDA865 /* NSCodingTestTests.m */ = {isa = PBXFileReference; lastKnownFileType = sourcecode.c.objc; path = NSCodingTestTests.m; sourceTree = "<group>"; };
		5C4B016619891ADF00CDA865 /* NCTViewController.h */ = {isa = PBXFileReference; fileEncoding = 4; lastKnownFileType = sourcecode.c.h; path = NCTViewController.h; sourceTree = "<group>"; };
		5C4B016719891ADF00CDA865 /* NCTViewController.m */ = {isa = PBXFileReference; fileEncoding = 4; lastKnownFileType = sourcecode.c.objc; path = NCTViewController.m; sourceTree = "<group>"; };
		5CB5327219891E63000F3D07 /* NCTSample.h */ = {isa = PBXFileReference; fileEncoding = 4; lastKnownFileType = sourcecode.c.h; path = NCTSample.h; sourceTree = "<group>"; };
		5CB5327319891E63000F3D07 /* NCTSample.m */ = {isa = PBXFileReference; fileEncoding = 4; lastKnownFileType = sourcecode.c.objc; path = NCTSample.m; sourceTree = "<group>"; };
/* End PBXFileReference section */

/* Begin PBXFrameworksBuildPhase section */
		5C4B013119891ABD00CDA865 /* Frameworks */ = {
			isa = PBXFrameworksBuildPhase;
			buildActionMask = 2147483647;
			files = (
				5C4B013A19891ABD00CDA865 /* CoreGraphics.framework in Frameworks */,
				5C4B013C19891ABD00CDA865 /* UIKit.framework in Frameworks */,
				5C4B013819891ABD00CDA865 /* Foundation.framework in Frameworks */,
			);
			runOnlyForDeploymentPostprocessing = 0;
		};
		5C4B014C19891ABD00CDA865 /* Frameworks */ = {
			isa = PBXFrameworksBuildPhase;
			buildActionMask = 2147483647;
			files = (
				5C4B015119891ABD00CDA865 /* XCTest.framework in Frameworks */,
				5C4B015319891ABD00CDA865 /* UIKit.framework in Frameworks */,
				5C4B015219891ABD00CDA865 /* Foundation.framework in Frameworks */,
			);
			runOnlyForDeploymentPostprocessing = 0;
		};
/* End PBXFrameworksBuildPhase section */

/* Begin PBXGroup section */
		5C4B012B19891ABD00CDA865 = {
			isa = PBXGroup;
			children = (
				5C4B013D19891ABD00CDA865 /* NSCodingTest */,
				5C4B015619891ABD00CDA865 /* NSCodingTestTests */,
				5C4B013619891ABD00CDA865 /* Frameworks */,
				5C4B013519891ABD00CDA865 /* Products */,
			);
			sourceTree = "<group>";
		};
		5C4B013519891ABD00CDA865 /* Products */ = {
			isa = PBXGroup;
			children = (
				5C4B013419891ABD00CDA865 /* NSCodingTest.app */,
				5C4B014F19891ABD00CDA865 /* NSCodingTestTests.xctest */,
			);
			name = Products;
			sourceTree = "<group>";
		};
		5C4B013619891ABD00CDA865 /* Frameworks */ = {
			isa = PBXGroup;
			children = (
				5C4B013719891ABD00CDA865 /* Foundation.framework */,
				5C4B013919891ABD00CDA865 /* CoreGraphics.framework */,
				5C4B013B19891ABD00CDA865 /* UIKit.framework */,
				5C4B015019891ABD00CDA865 /* XCTest.framework */,
			);
			name = Frameworks;
			sourceTree = "<group>";
		};
		5C4B013D19891ABD00CDA865 /* NSCodingTest */ = {
			isa = PBXGroup;
			children = (
				5C4B014619891ABD00CDA865 /* NCTAppDelegate.h */,
				5C4B014719891ABD00CDA865 /* NCTAppDelegate.m */,
				5C4B014919891ABD00CDA865 /* Images.xcassets */,
				5C4B013E19891ABD00CDA865 /* Supporting Files */,
				5C4B016619891ADF00CDA865 /* NCTViewController.h */,
				5C4B016719891ADF00CDA865 /* NCTViewController.m */,
				5CB5327219891E63000F3D07 /* NCTSample.h */,
				5CB5327319891E63000F3D07 /* NCTSample.m */,
			);
			path = NSCodingTest;
			sourceTree = "<group>";
		};
		5C4B013E19891ABD00CDA865 /* Supporting Files */ = {
			isa = PBXGroup;
			children = (
				5C4B013F19891ABD00CDA865 /* NSCodingTest-Info.plist */,
				5C4B014019891ABD00CDA865 /* InfoPlist.strings */,
				5C4B014319891ABD00CDA865 /* main.m */,
				5C4B014519891ABD00CDA865 /* NSCodingTest-Prefix.pch */,
			);
			name = "Supporting Files";
			sourceTree = "<group>";
		};
		5C4B015619891ABD00CDA865 /* NSCodingTestTests */ = {
			isa = PBXGroup;
			children = (
				5C4B015C19891ABD00CDA865 /* NSCodingTestTests.m */,
				5C4B015719891ABD00CDA865 /* Supporting Files */,
			);
			path = NSCodingTestTests;
			sourceTree = "<group>";
		};
		5C4B015719891ABD00CDA865 /* Supporting Files */ = {
			isa = PBXGroup;
			children = (
				5C4B015819891ABD00CDA865 /* NSCodingTestTests-Info.plist */,
				5C4B015919891ABD00CDA865 /* InfoPlist.strings */,
			);
			name = "Supporting Files";
			sourceTree = "<group>";
		};
/* End PBXGroup section */

/* Begin PBXNativeTarget section */
		5C4B013319891ABD00CDA865 /* NSCodingTest */ = {
			isa = PBXNativeTarget;
			buildConfigurationList = 5C4B016019891ABD00CDA865 /* Build configuration list for PBXNativeTarget "NSCodingTest" */;
			buildPhases = (
				5C4B013019891ABD00CDA865 /* Sources */,
				5C4B013119891ABD00CDA865 /* Frameworks */,
				5C4B013219891ABD00CDA865 /* Resources */,
			);
			buildRules = (
			);
			dependencies = (
			);
			name = NSCodingTest;
			productName = NSCodingTest;
			productReference = 5C4B013419891ABD00CDA865 /* NSCodingTest.app */;
			productType = "com.apple.product-type.application";
		};
		5C4B014E19891ABD00CDA865 /* NSCodingTestTests */ = {
			isa = PBXNativeTarget;
			buildConfigurationList = 5C4B016319891ABD00CDA865 /* Build configuration list for PBXNativeTarget "NSCodingTestTests" */;
			buildPhases = (
				5C4B014B19891ABD00CDA865 /* Sources */,
				5C4B014C19891ABD00CDA865 /* Frameworks */,
				5C4B014D19891ABD00CDA865 /* Resources */,
			);
			buildRules = (
			);
			dependencies = (
				5C4B015519891ABD00CDA865 /* PBXTargetDependency */,
			);
			name = NSCodingTestTests;
			productName = NSCodingTestTests;
			productReference = 5C4B014F19891ABD00CDA865 /* NSCodingTestTests.xctest */;
			productType = "com.apple.product-type.bundle.unit-test";
		};
/* End PBXNativeTarget section */

/* Begin PBXProject section */
		5C4B012C19891ABD00CDA865 /* Project object */ = {
			isa = PBXProject;
			attributes = {
				CLASSPREFIX = NCT;
				LastUpgradeCheck = 0510;
				ORGANIZATIONNAME = "比留間 和也";
				TargetAttributes = {
					5C4B014E19891ABD00CDA865 = {
						TestTargetID = 5C4B013319891ABD00CDA865;
					};
				};
			};
			buildConfigurationList = 5C4B012F19891ABD00CDA865 /* Build configuration list for PBXProject "NSCodingTest" */;
			compatibilityVersion = "Xcode 3.2";
			developmentRegion = English;
			hasScannedForEncodings = 0;
			knownRegions = (
				en,
			);
			mainGroup = 5C4B012B19891ABD00CDA865;
			productRefGroup = 5C4B013519891ABD00CDA865 /* Products */;
			projectDirPath = "";
			projectRoot = "";
			targets = (
				5C4B013319891ABD00CDA865 /* NSCodingTest */,
				5C4B014E19891ABD00CDA865 /* NSCodingTestTests */,
			);
		};
/* End PBXProject section */

/* Begin PBXResourcesBuildPhase section */
		5C4B013219891ABD00CDA865 /* Resources */ = {
			isa = PBXResourcesBuildPhase;
			buildActionMask = 2147483647;
			files = (
				5C4B014219891ABD00CDA865 /* InfoPlist.strings in Resources */,
				5C4B014A19891ABD00CDA865 /* Images.xcassets in Resources */,
			);
			runOnlyForDeploymentPostprocessing = 0;
		};
		5C4B014D19891ABD00CDA865 /* Resources */ = {
			isa = PBXResourcesBuildPhase;
			buildActionMask = 2147483647;
			files = (
				5C4B015B19891ABD00CDA865 /* InfoPlist.strings in Resources */,
			);
			runOnlyForDeploymentPostprocessing = 0;
		};
/* End PBXResourcesBuildPhase section */

/* Begin PBXSourcesBuildPhase section */
		5C4B013019891ABD00CDA865 /* Sources */ = {
			isa = PBXSourcesBuildPhase;
			buildActionMask = 2147483647;
			files = (
				5C4B014819891ABD00CDA865 /* NCTAppDelegate.m in Sources */,
				5CB5327419891E63000F3D07 /* NCTSample.m in Sources */,
				5C4B016819891ADF00CDA865 /* NCTViewController.m in Sources */,
				5C4B014419891ABD00CDA865 /* main.m in Sources */,
			);
			runOnlyForDeploymentPostprocessing = 0;
		};
		5C4B014B19891ABD00CDA865 /* Sources */ = {
			isa = PBXSourcesBuildPhase;
			buildActionMask = 2147483647;
			files = (
				5C4B015D19891ABD00CDA865 /* NSCodingTestTests.m in Sources */,
			);
			runOnlyForDeploymentPostprocessing = 0;
		};
/* End PBXSourcesBuildPhase section */

/* Begin PBXTargetDependency section */
		5C4B015519891ABD00CDA865 /* PBXTargetDependency */ = {
			isa = PBXTargetDependency;
			target = 5C4B013319891ABD00CDA865 /* NSCodingTest */;
			targetProxy = 5C4B015419891ABD00CDA865 /* PBXContainerItemProxy */;
		};
/* End PBXTargetDependency section */

/* Begin PBXVariantGroup section */
		5C4B014019891ABD00CDA865 /* InfoPlist.strings */ = {
			isa = PBXVariantGroup;
			children = (
				5C4B014119891ABD00CDA865 /* en */,
			);
			name = InfoPlist.strings;
			sourceTree = "<group>";
		};
		5C4B015919891ABD00CDA865 /* InfoPlist.strings */ = {
			isa = PBXVariantGroup;
			children = (
				5C4B015A19891ABD00CDA865 /* en */,
			);
			name = InfoPlist.strings;
			sourceTree = "<group>";
		};
/* End PBXVariantGroup section */

/* Begin XCBuildConfiguration section */
		5C4B015E19891ABD00CDA865 /* Debug */ = {
			isa = XCBuildConfiguration;
			buildSettings = {
				ALWAYS_SEARCH_USER_PATHS = NO;
				CLANG_CXX_LANGUAGE_STANDARD = "gnu++0x";
				CLANG_CXX_LIBRARY = "libc++";
				CLANG_ENABLE_MODULES = YES;
				CLANG_ENABLE_OBJC_ARC = YES;
				CLANG_WARN_BOOL_CONVERSION = YES;
				CLANG_WARN_CONSTANT_CONVERSION = YES;
				CLANG_WARN_DIRECT_OBJC_ISA_USAGE = YES_ERROR;
				CLANG_WARN_EMPTY_BODY = YES;
				CLANG_WARN_ENUM_CONVERSION = YES;
				CLANG_WARN_INT_CONVERSION = YES;
				CLANG_WARN_OBJC_ROOT_CLASS = YES_ERROR;
				CLANG_WARN__DUPLICATE_METHOD_MATCH = YES;
				"CODE_SIGN_IDENTITY[sdk=iphoneos*]" = "iPhone Developer";
				COPY_PHASE_STRIP = NO;
				GCC_C_LANGUAGE_STANDARD = gnu99;
				GCC_DYNAMIC_NO_PIC = NO;
				GCC_OPTIMIZATION_LEVEL = 0;
				GCC_PREPROCESSOR_DEFINITIONS = (
					"DEBUG=1",
					"$(inherited)",
				);
				GCC_SYMBOLS_PRIVATE_EXTERN = NO;
				GCC_WARN_64_TO_32_BIT_CONVERSION = YES;
				GCC_WARN_ABOUT_RETURN_TYPE = YES_ERROR;
				GCC_WARN_UNDECLARED_SELECTOR = YES;
				GCC_WARN_UNINITIALIZED_AUTOS = YES_AGGRESSIVE;
				GCC_WARN_UNUSED_FUNCTION = YES;
				GCC_WARN_UNUSED_VARIABLE = YES;
				IPHONEOS_DEPLOYMENT_TARGET = 7.1;
				ONLY_ACTIVE_ARCH = YES;
				SDKROOT = iphoneos;
			};
			name = Debug;
		};
		5C4B015F19891ABD00CDA865 /* Release */ = {
			isa = XCBuildConfiguration;
			buildSettings = {
				ALWAYS_SEARCH_USER_PATHS = NO;
				CLANG_CXX_LANGUAGE_STANDARD = "gnu++0x";
				CLANG_CXX_LIBRARY = "libc++";
				CLANG_ENABLE_MODULES = YES;
				CLANG_ENABLE_OBJC_ARC = YES;
				CLANG_WARN_BOOL_CONVERSION = YES;
				CLANG_WARN_CONSTANT_CONVERSION = YES;
				CLANG_WARN_DIRECT_OBJC_ISA_USAGE = YES_ERROR;
				CLANG_WARN_EMPTY_BODY = YES;
				CLANG_WARN_ENUM_CONVERSION = YES;
				CLANG_WARN_INT_CONVERSION = YES;
				CLANG_WARN_OBJC_ROOT_CLASS = YES_ERROR;
				CLANG_WARN__DUPLICATE_METHOD_MATCH = YES;
				"CODE_SIGN_IDENTITY[sdk=iphoneos*]" = "iPhone Developer";
				COPY_PHASE_STRIP = YES;
				ENABLE_NS_ASSERTIONS = NO;
				GCC_C_LANGUAGE_STANDARD = gnu99;
				GCC_WARN_64_TO_32_BIT_CONVERSION = YES;
				GCC_WARN_ABOUT_RETURN_TYPE = YES_ERROR;
				GCC_WARN_UNDECLARED_SELECTOR = YES;
				GCC_WARN_UNINITIALIZED_AUTOS = YES_AGGRESSIVE;
				GCC_WARN_UNUSED_FUNCTION = YES;
				GCC_WARN_UNUSED_VARIABLE = YES;
				IPHONEOS_DEPLOYMENT_TARGET = 7.1;
				SDKROOT = iphoneos;
				VALIDATE_PRODUCT = YES;
			};
			name = Release;
		};
		5C4B016119891ABD00CDA865 /* Debug */ = {
			isa = XCBuildConfiguration;
			buildSettings = {
				ASSETCATALOG_COMPILER_APPICON_NAME = AppIcon;
				ASSETCATALOG_COMPILER_LAUNCHIMAGE_NAME = LaunchImage;
				GCC_PRECOMPILE_PREFIX_HEADER = YES;
				GCC_PREFIX_HEADER = "NSCodingTest/NSCodingTest-Prefix.pch";
				INFOPLIST_FILE = "NSCodingTest/NSCodingTest-Info.plist";
				PRODUCT_NAME = "$(TARGET_NAME)";
				WRAPPER_EXTENSION = app;
			};
			name = Debug;
		};
		5C4B016219891ABD00CDA865 /* Release */ = {
			isa = XCBuildConfiguration;
			buildSettings = {
				ASSETCATALOG_COMPILER_APPICON_NAME = AppIcon;
				ASSETCATALOG_COMPILER_LAUNCHIMAGE_NAME = LaunchImage;
				GCC_PRECOMPILE_PREFIX_HEADER = YES;
				GCC_PREFIX_HEADER = "NSCodingTest/NSCodingTest-Prefix.pch";
				INFOPLIST_FILE = "NSCodingTest/NSCodingTest-Info.plist";
				PRODUCT_NAME = "$(TARGET_NAME)";
				WRAPPER_EXTENSION = app;
			};
			name = Release;
		};
		5C4B016419891ABD00CDA865 /* Debug */ = {
			isa = XCBuildConfiguration;
			buildSettings = {
				BUNDLE_LOADER = "$(BUILT_PRODUCTS_DIR)/NSCodingTest.app/NSCodingTest";
				FRAMEWORK_SEARCH_PATHS = (
					"$(SDKROOT)/Developer/Library/Frameworks",
					"$(inherited)",
					"$(DEVELOPER_FRAMEWORKS_DIR)",
				);
				GCC_PRECOMPILE_PREFIX_HEADER = YES;
				GCC_PREFIX_HEADER = "NSCodingTest/NSCodingTest-Prefix.pch";
				GCC_PREPROCESSOR_DEFINITIONS = (
					"DEBUG=1",
					"$(inherited)",
				);
				INFOPLIST_FILE = "NSCodingTestTests/NSCodingTestTests-Info.plist";
				PRODUCT_NAME = "$(TARGET_NAME)";
				TEST_HOST = "$(BUNDLE_LOADER)";
				WRAPPER_EXTENSION = xctest;
			};
			name = Debug;
		};
		5C4B016519891ABD00CDA865 /* Release */ = {
			isa = XCBuildConfiguration;
			buildSettings = {
				BUNDLE_LOADER = "$(BUILT_PRODUCTS_DIR)/NSCodingTest.app/NSCodingTest";
				FRAMEWORK_SEARCH_PATHS = (
					"$(SDKROOT)/Developer/Library/Frameworks",
					"$(inherited)",
					"$(DEVELOPER_FRAMEWORKS_DIR)",
				);
				GCC_PRECOMPILE_PREFIX_HEADER = YES;
				GCC_PREFIX_HEADER = "NSCodingTest/NSCodingTest-Prefix.pch";
				INFOPLIST_FILE = "NSCodingTestTests/NSCodingTestTests-Info.plist";
				PRODUCT_NAME = "$(TARGET_NAME)";
				TEST_HOST = "$(BUNDLE_LOADER)";
				WRAPPER_EXTENSION = xctest;
			};
			name = Release;
		};
/* End XCBuildConfiguration section */

/* Begin XCConfigurationList section */
		5C4B012F19891ABD00CDA865 /* Build configuration list for PBXProject "NSCodingTest" */ = {
			isa = XCConfigurationList;
			buildConfigurations = (
				5C4B015E19891ABD00CDA865 /* Debug */,
				5C4B015F19891ABD00CDA865 /* Release */,
			);
			defaultConfigurationIsVisible = 0;
			defaultConfigurationName = Release;
		};
		5C4B016019891ABD00CDA865 /* Build configuration list for PBXNativeTarget "NSCodingTest" */ = {
			isa = XCConfigurationList;
			buildConfigurations = (
				5C4B016119891ABD00CDA865 /* Debug */,
				5C4B016219891ABD00CDA865 /* Release */,
			);
			defaultConfigurationIsVisible = 0;
			defaultConfigurationName = Release;
		};
		5C4B016319891ABD00CDA865 /* Build configuration list for PBXNativeTarget "NSCodingTestTests" */ = {
			isa = XCConfigurationList;
			buildConfigurations = (
				5C4B016419891ABD00CDA865 /* Debug */,
				5C4B016519891ABD00CDA865 /* Release */,
			);
			defaultConfigurationIsVisible = 0;
			defaultConfigurationName = Release;
		};
/* End XCConfigurationList section */
	};
	rootObject = 5C4B012C19891ABD00CDA865 /* Project object */;
}
